
Microsoft Visual Studio Solution File, Format Version 12.00
# Visual Studio Version 16
VisualStudioVersion = 16.0.30011.22
MinimumVisualStudioVersion = 10.0.40219.1
Project("{FAE04EC0-301F-11D3-BF4B-00C04F79EFBC}") = "FastDFS.Client", "FastDFS.Client\FastDFS.Client.csproj", "{5C39B525-38F1-4F9E-87FB-4E03C654CC90}"
EndProject
Project("{FAE04EC0-301F-11D3-BF4B-00C04F79EFBC}") = "FastDFS.Client.Sample", "FastDFS.Client.Sample\FastDFS.Client.Sample.csproj", "{E4A55E45-8855-4449-BF74-A6B05658F452}"
EndProject
Global
	GlobalSection(SolutionConfigurationPlatforms) = preSolution
		Debug|Any CPU = Debug|Any CPU
		Release|Any CPU = Release|Any CPU
	EndGlobalSection
	GlobalSection(ProjectConfigurationPlatforms) = postSolution
		{5C39B525-38F1-4F9E-87FB-4E03C654CC90}.Debug|Any CPU.ActiveCfg = Debug|Any CPU
		{5C39B525-38F1-4F9E-87FB-4E03C654CC90}.Debug|Any CPU.Build.0 = Debug|Any CPU
		{5C39B525-38F1-4F9E-87FB-4E03C654CC90}.Release|Any CPU.ActiveCfg = Release|Any CPU
		{5C39B525-38F1-4F9E-87FB-4E03C654CC90}.Release|Any CPU.Build.0 = Release|Any CPU
		{E4A55E45-8855-4449-BF74-A6B05658F452}.Debug|Any CPU.ActiveCfg = Debug|Any CPU
		{E4A55E45-8855-4449-BF74-A6B05658F452}.Debug|Any CPU.Build.0 = Debug|Any CPU
		{E4A55E45-8855-4449-BF74-A6B05658F452}.Release|Any CPU.ActiveCfg = Release|Any CPU
		{E4A55E45-8855-4449-BF74-A6B05658F452}.Release|Any CPU.Build.0 = Release|Any CPU
	EndGlobalSection
	GlobalSection(SolutionProperties) = preSolution
		HideSolutionNode = FALSE
	EndGlobalSection
	GlobalSection(ExtensibilityGlobals) = postSolution
		SolutionGuid = {9BC40B15-8A47-4B5B-BF27-24196CAD5043}
	EndGlobalSection
EndGlobal
